// !$*UTF8*$!
{
	archiveVersion = 1;
	classes = {
	};
	objectVersion = 56;
	objects = {

/* Begin PBXBuildFile section */
		A01234567890ABCD /* LinArtApp.swift in Sources */ = {isa = PBXBuildFile; fileRef = A01234567890ABCE /* LinArtApp.swift */; };
		A01234567890ABCF /* ContentView.swift in Sources */ = {isa = PBXBuildFile; fileRef = A01234567890ABD0 /* ContentView.swift */; };
		A01234567890ABD1 /* Assets.xcassets in Resources */ = {isa = PBXBuildFile; fileRef = A01234567890ABD2 /* Assets.xcassets */; };
		A01234567890ABD3 /* Preview Assets.xcassets in Resources */ = {isa = PBXBuildFile; fileRef = A01234567890ABD4 /* Preview Assets.xcassets */; };
		A01234567890ABD5 /* DataModel.xcdatamodeld in Sources */ = {isa = PBXBuildFile; fileRef = A01234567890ABD6 /* DataModel.xcdatamodeld */; };
		A01234567890ABD8 /* Localizable.strings in Resources */ = {isa = PBXBuildFile; fileRef = A01234567890ABD9 /* Localizable.strings */; };
		A01234567890ABDB /* LinArtTests.swift in Sources */ = {isa = PBXBuildFile; fileRef = A01234567890ABDC /* LinArtTests.swift */; };
/* End PBXBuildFile section */

/* Begin PBXContainerItemProxy section */
		A01234567890ABDD /* PBXContainerItemProxy */ = {
			isa = PBXContainerItemProxy;
			containerPortal = A01234567890ABC3 /* Project object */;
			proxyType = 1;
			remoteGlobalIDString = A01234567890ABCA;
			remoteInfo = LinArt;
		};
/* End PBXContainerItemProxy section */

/* Begin PBXFileReference section */
		A01234567890ABCB /* LinArt.app */ = {isa = PBXFileReference; explicitFileType = wrapper.application; includeInIndex = 0; path = LinArt.app; sourceTree = BUILT_PRODUCTS_DIR; };
		A01234567890ABCE /* LinArtApp.swift */ = {isa = PBXFileReference; lastKnownFileType = sourcecode.swift; path = LinArtApp.swift; sourceTree = "<group>"; };
		A01234567890ABD0 /* ContentView.swift */ = {isa = PBXFileReference; lastKnownFileType = sourcecode.swift; path = ContentView.swift; sourceTree = "<group>"; };
		A01234567890ABD2 /* Assets.xcassets */ = {isa = PBXFileReference; lastKnownFileType = folder.assetcatalog; path = Assets.xcassets; sourceTree = "<group>"; };
		A01234567890ABD4 /* Preview Assets.xcassets */ = {isa = PBXFileReference; lastKnownFileType = folder.assetcatalog; path = "Preview Assets.xcassets"; sourceTree = "<group>"; };
		A01234567890ABD7 /* DataModel.xcdatamodel */ = {isa = PBXFileReference; lastKnownFileType = wrapper.xcdatamodel; path = DataModel.xcdatamodel; sourceTree = "<group>"; };
		A01234567890ABDA /* en */ = {isa = PBXFileReference; lastKnownFileType = text.plist.strings; name = en; path = en.lproj/Localizable.strings; sourceTree = "<group>"; };
		A01234567890ABDE /* de */ = {isa = PBXFileReference; lastKnownFileType = text.plist.strings; name = de; path = de.lproj/Localizable.strings; sourceTree = "<group>"; };
		A01234567890ABDF /* LinArtTests.xctest */ = {isa = PBXFileReference; explicitFileType = wrapper.cfbundle; includeInIndex = 0; path = LinArtTests.xctest; sourceTree = BUILT_PRODUCTS_DIR; };
		A01234567890ABDC /* LinArtTests.swift */ = {isa = PBXFileReference; lastKnownFileType = sourcecode.swift; path = LinArtTests.swift; sourceTree = "<group>"; };
		A01234567890ABE0 /* Info.plist */ = {isa = PBXFileReference; lastKnownFileType = text.plist.xml; path = Info.plist; sourceTree = "<group>"; };
/* End PBXFileReference section */

/* Begin PBXFrameworksBuildPhase section */
		A01234567890ABC8 /* Frameworks */ = {
			isa = PBXFrameworksBuildPhase;
			buildActionMask = 2147483647;
			files = (
			);
			runOnlyForDeploymentPostprocessing = 0;
		};
		A01234567890ABEC /* Frameworks */ = {
			isa = PBXFrameworksBuildPhase;
			buildActionMask = 2147483647;
			files = (
			);
			runOnlyForDeploymentPostprocessing = 0;
		};
/* End PBXFrameworksBuildPhase section */

/* Begin PBXGroup section */
		A01234567890ABC2 = {
			isa = PBXGroup;
			children = (
				A01234567890ABCD /* LinArt */,
				A01234567890ABE1 /* LinArtTests */,
				A01234567890ABCC /* Products */,
			);
			sourceTree = "<group>";
		};
		A01234567890ABCC /* Products */ = {
			isa = PBXGroup;
			children = (
				A01234567890ABCB /* LinArt.app */,
				A01234567890ABDF /* LinArtTests.xctest */,
			);
			name = Products;
			sourceTree = "<group>";
		};
		A01234567890ABCD /* LinArt */ = {
			isa = PBXGroup;
			children = (
				A01234567890ABCE /* LinArtApp.swift */,
				A01234567890ABD0 /* ContentView.swift */,
				A01234567890ABE2 /* Features */,
				A01234567890ABE3 /* Core */,
				A01234567890ABE4 /* Resources */,
				A01234567890ABD5 /* Preview Content */,
			);
			path = LinArt;
			sourceTree = "<group>";
		};
		A01234567890ABD5 /* Preview Content */ = {
			isa = PBXGroup;
			children = (
				A01234567890ABD4 /* Preview Assets.xcassets */,
			);
			path = "Preview Content";
			sourceTree = "<group>";
		};
		A01234567890ABE1 /* LinArtTests */ = {
			isa = PBXGroup;
			children = (
				A01234567890ABDC /* LinArtTests.swift */,
			);
			path = LinArtTests;
			sourceTree = "<group>";
		};
		A01234567890ABE2 /* Features */ = {
			isa = PBXGroup;
			children = (
			);
			path = Features;
			sourceTree = "<group>";
		};
		A01234567890ABE3 /* Core */ = {
			isa = PBXGroup;
			children = (
				A01234567890ABD6 /* DataModel.xcdatamodeld */,
			);
			path = Core;
			sourceTree = "<group>";
		};
		A01234567890ABE4 /* Resources */ = {
			isa = PBXGroup;
			children = (
				A01234567890ABD2 /* Assets.xcassets */,
				A01234567890ABD9 /* Localizable.strings */,
				A01234567890ABE0 /* Info.plist */,
			);
			path = Resources;
			sourceTree = "<group>";
		};
/* End PBXGroup section */

/* Begin PBXNativeTarget section */
		A01234567890ABCA /* LinArt */ = {
			isa = PBXNativeTarget;
			buildConfigurationList = A01234567890ABE5 /* Build configuration list for PBXNativeTarget "LinArt" */;
			buildPhases = (
				A01234567890ABC7 /* Sources */,
				A01234567890ABC8 /* Frameworks */,
				A01234567890ABC9 /* Resources */,
			);
			buildRules = (
			);
			dependencies = (
			);
			name = LinArt;
			productName = LinArt;
			productReference = A01234567890ABCB /* LinArt.app */;
			productType = "com.apple.product-type.application";
		};
		A01234567890ABEA /* LinArtTests */ = {
			isa = PBXNativeTarget;
			buildConfigurationList = A01234567890ABE8 /* Build configuration list for PBXNativeTarget "LinArtTests" */;
			buildPhases = (
				A01234567890ABEB /* Sources */,
				A01234567890ABEC /* Frameworks */,
				A01234567890ABED /* Resources */,
			);
			buildRules = (
			);
			dependencies = (
				A01234567890ABEE /* PBXTargetDependency */,
			);
			name = LinArtTests;
			productName = LinArtTests;
			productReference = A01234567890ABDF /* LinArtTests.xctest */;
			productType = "com.apple.product-type.bundle.unit-test";
		};
/* End PBXNativeTarget section */

/* Begin PBXProject section */
		A01234567890ABC3 /* Project object */ = {
			isa = PBXProject;
			attributes = {
				BuildIndependentTargetsInParallel = 1;
				LastSwiftUpdateCheck = 1500;
				LastUpgradeCheck = 1500;
				TargetAttributes = {
					A01234567890ABCA = {
						CreatedOnToolsVersion = 15.0;
					};
					A01234567890ABEA = {
						CreatedOnToolsVersion = 15.0;
						TestTargetID = A01234567890ABCA;
					};
				};
			};
			buildConfigurationList = A01234567890ABC6 /* Build configuration list for PBXProject "LinArt" */;
			compatibilityVersion = "Xcode 14.0";
			developmentRegion = en;
			hasScannedForEncodings = 0;
			knownRegions = (
				en,
				de,
			);
			mainGroup = A01234567890ABC2;
			productRefGroup = A01234567890ABCC /* Products */;
			projectDirPath = "";
			projectRoot = "";
			targets = (
				A01234567890ABCA /* LinArt */,
				A01234567890ABEA /* LinArtTests */,
			);
		};
/* End PBXProject section */

/* Begin PBXResourcesBuildPhase section */
		A01234567890ABC9 /* Resources */ = {
			isa = PBXResourcesBuildPhase;
			buildActionMask = 2147483647;
			files = (
				A01234567890ABD3 /* Preview Assets.xcassets in Resources */,
				A01234567890ABD1 /* Assets.xcassets in Resources */,
				A01234567890ABD8 /* Localizable.strings in Resources */,
			);
			runOnlyForDeploymentPostprocessing = 0;
		};
		A01234567890ABED /* Resources */ = {
			isa = PBXResourcesBuildPhase;
			buildActionMask = 2147483647;
			files = (
			);
			runOnlyForDeploymentPostprocessing = 0;
		};
/* End PBXResourcesBuildPhase section */

/* Begin PBXSourcesBuildPhase section */
		A01234567890ABC7 /* Sources */ = {
			isa = PBXSourcesBuildPhase;
			buildActionMask = 2147483647;
			files = (
				A01234567890ABCF /* ContentView.swift in Sources */,
				A01234567890ABD5 /* DataModel.xcdatamodeld in Sources */,
				A01234567890ABCD /* LinArtApp.swift in Sources */,
			);
			runOnlyForDeploymentPostprocessing = 0;
		};
		A01234567890ABEB /* Sources */ = {
			isa = PBXSourcesBuildPhase;
			buildActionMask = 2147483647;
			files = (
				A01234567890ABDB /* LinArtTests.swift in Sources */,
			);
			runOnlyForDeploymentPostprocessing = 0;
		};
/* End PBXSourcesBuildPhase section */

/* Begin PBXTargetDependency section */
		A01234567890ABEE /* PBXTargetDependency */ = {
			isa = PBXTargetDependency;
			target = A01234567890ABCA /* LinArt */;
			targetProxy = A01234567890ABDD /* PBXContainerItemProxy */;
		};
/* End PBXTargetDependency section */

/* Begin PBXVariantGroup section */
		A01234567890ABD9 /* Localizable.strings */ = {
			isa = PBXVariantGroup;
			children = (
				A01234567890ABDA /* en */,
				A01234567890ABDE /* de */,
			);
			name = Localizable.strings;
			sourceTree = "<group>";
		};
/* End PBXVariantGroup section */

/* Begin XCBuildConfiguration section */
		A01234567890ABC4 /* Debug */ = {
			isa = XCBuildConfiguration;
			buildSettings = {
				ALWAYS_SEARCH_USER_PATHS = NO;
				CLANG_ANALYZER_LOCALIZABILITY_NONLOCALIZED = YES;
				CLANG_ANALYZER_NONNULL = YES;
				CLANG_ANALYZER_NUMBER_OBJECT_CONVERSION = YES_AGGRESSIVE;
				CLANG_CXX_LANGUAGE_STANDARD = "gnu++20";
				CLANG_ENABLE_MODULES = YES;
				CLANG_ENABLE_OBJC_ARC = YES;
				CLANG_ENABLE_OBJC_WEAK = YES;
				CLANG_WARN_BLOCK_CAPTURE_AUTORELEASING = YES;
				CLANG_WARN_BOOL_CONVERSION = YES;
				CLANG_WARN_COMMA = YES;
				CLANG_WARN_CONSTANT_CONVERSION = YES;
				CLANG_WARN_DEPRECATED_OBJC_IMPLEMENTATIONS = YES;
				CLANG_WARN_DIRECT_OBJC_ISA_USAGE = YES_ERROR;
				CLANG_WARN_DOCUMENTATION_COMMENTS = YES;
				CLANG_WARN_EMPTY_BODY = YES;
				CLANG_WARN_ENUM_CONVERSION = YES;
				CLANG_WARN_INFINITE_RECURSION = YES;
				CLANG_WARN_INT_CONVERSION = YES;
				CLANG_WARN_NON_LITERAL_NULL_CONVERSION = YES;
				CLANG_WARN_OBJC_IMPLICIT_RETAIN_SELF = YES;
				CLANG_WARN_OBJC_LITERAL_CONVERSION = YES;
				CLANG_WARN_OBJC_ROOT_CLASS = YES_ERROR;
				CLANG_WARN_QUOTED_INCLUDE_IN_FRAMEWORK_HEADER = YES;
				CLANG_WARN_RANGE_LOOP_ANALYSIS = YES;
				CLANG_WARN_STRICT_PROTOTYPES = YES;
				CLANG_WARN_SUSPICIOUS_MOVE = YES;
				CLANG_WARN_UNGUARDED_AVAILABILITY = YES_AGGRESSIVE;
				CLANG_WARN_UNREACHABLE_CODE = YES;
				CLANG_WARN__DUPLICATE_METHOD_MATCH = YES;
				COPY_PHASE_STRIP = NO;
				DEBUG_INFORMATION_FORMAT = dwarf;
				ENABLE_STRICT_OBJC_MSGSEND = YES;
				ENABLE_TESTABILITY = YES;
				GCC_C_LANGUAGE_STANDARD = gnu11;
				GCC_DYNAMIC_NO_PIC = NO;
				GCC_NO_COMMON_BLOCKS = YES;
				GCC_OPTIMIZATION_LEVEL = 0;
				GCC_PREPROCESSOR_DEFINITIONS = (
					"DEBUG=1",
					"$(inherited)",
				);
				GCC_WARN_64_TO_32_BIT_CONVERSION = YES;
				GCC_WARN_ABOUT_RETURN_TYPE = YES_ERROR;
				GCC_WARN_UNDECLARED_SELECTOR = YES;
				GCC_WARN_UNINITIALIZED_AUTOS = YES_AGGRESSIVE;
				GCC_WARN_UNUSED_FUNCTION = YES;
				GCC_WARN_UNUSED_VARIABLE = YES;
				IPHONEOS_DEPLOYMENT_TARGET = 16.0;
				MTL_ENABLE_DEBUG_INFO = INCLUDE_SOURCE;
				MTL_FAST_MATH = YES;
				ONLY_ACTIVE_ARCH = YES;
				SDKROOT = iphoneos;
				SWIFT_ACTIVE_COMPILATION_CONDITIONS = DEBUG;
				SWIFT_OPTIMIZATION_LEVEL = "-Onone";
			};
			name = Debug;
		};
		A01234567890ABC5 /* Release */ = {
			isa = XCBuildConfiguration;
			buildSettings = {
				ALWAYS_SEARCH_USER_PATHS = NO;
				CLANG_ANALYZER_LOCALIZABILITY_NONLOCALIZED = YES;
				CLANG_ANALYZER_NONNULL = YES;
				CLANG_ANALYZER_NUMBER_OBJECT_CONVERSION = YES_AGGRESSIVE;
				CLANG_CXX_LANGUAGE_STANDARD = "gnu++20";
				CLANG_ENABLE_MODULES = YES;
				CLANG_ENABLE_OBJC_ARC = YES;
				CLANG_ENABLE_OBJC_WEAK = YES;
				CLANG_WARN_BLOCK_CAPTURE_AUTORELEASING = YES;
				CLANG_WARN_BOOL_CONVERSION = YES;
				CLANG_WARN_COMMA = YES;
				CLANG_WARN_CONSTANT_CONVERSION = YES;
				CLANG_WARN_DEPRECATED_OBJC_IMPLEMENTATIONS = YES;
				CLANG_WARN_DIRECT_OBJC_ISA_USAGE = YES_ERROR;
				CLANG_WARN_DOCUMENTATION_COMMENTS = YES;
				CLANG_WARN_EMPTY_BODY = YES;
				CLANG_WARN_ENUM_CONVERSION = YES;
				CLANG_WARN_INFINITE_RECURSION = YES;
				CLANG_WARN_INT_CONVERSION = YES;
				CLANG_WARN_NON_LITERAL_NULL_CONVERSION = YES;
				CLANG_WARN_OBJC_IMPLICIT_RETAIN_SELF = YES;
				CLANG_WARN_OBJC_LITERAL_CONVERSION = YES;
				CLANG_WARN_OBJC_ROOT_CLASS = YES_ERROR;
				CLANG_WARN_QUOTED_INCLUDE_IN_FRAMEWORK_HEADER = YES;
				CLANG_WARN_RANGE_LOOP_ANALYSIS = YES;
				CLANG_WARN_STRICT_PROTOTYPES = YES;
				CLANG_WARN_SUSPICIOUS_MOVE = YES;
				CLANG_WARN_UNGUARDED_AVAILABILITY = YES_AGGRESSIVE;
				CLANG_WARN_UNREACHABLE_CODE = YES;
				CLANG_WARN__DUPLICATE_METHOD_MATCH = YES;
				COPY_PHASE_STRIP = NO;
				DEBUG_INFORMATION_FORMAT = "dwarf-with-dsym";
				ENABLE_NS_ASSERTIONS = NO;
				ENABLE_STRICT_OBJC_MSGSEND = YES;
				GCC_C_LANGUAGE_STANDARD = gnu11;
				GCC_NO_COMMON_BLOCKS = YES;
				GCC_WARN_64_TO_32_BIT_CONVERSION = YES;
				GCC_WARN_ABOUT_RETURN_TYPE = YES_ERROR;
				GCC_WARN_UNDECLARED_SELECTOR = YES;
				GCC_WARN_UNINITIALIZED_AUTOS = YES_AGGRESSIVE;
				GCC_WARN_UNUSED_FUNCTION = YES;
				GCC_WARN_UNUSED_VARIABLE = YES;
				IPHONEOS_DEPLOYMENT_TARGET = 16.0;
				MTL_ENABLE_DEBUG_INFO = NO;
				MTL_FAST_MATH = YES;
				SDKROOT = iphoneos;
				SWIFT_COMPILATION_MODE = wholemodule;
				SWIFT_OPTIMIZATION_LEVEL = "-O";
				VALIDATE_PRODUCT = YES;
			};
			name = Release;
		};
		A01234567890ABE6 /* Debug */ = {
			isa = XCBuildConfiguration;
			buildSettings = {
				ASSETCATALOG_COMPILER_APPICON_NAME = AppIcon;
				ASSETCATALOG_COMPILER_GLOBAL_ACCENT_COLOR_NAME = AccentColor;
				CODE_SIGN_STYLE = Automatic;
				CURRENT_PROJECT_VERSION = 1;
				DEVELOPMENT_ASSET_PATHS = "\"LinArt/Preview Content\"";
				DEVELOPMENT_TEAM = "";
				ENABLE_PREVIEWS = YES;
				GENERATE_INFOPLIST_FILE = YES;
				INFOPLIST_FILE = LinArt/Resources/Info.plist;
				INFOPLIST_KEY_NSCameraUsageDescription = "LinArt needs camera access to capture documents and IDs.";
				INFOPLIST_KEY_NSPhotoLibraryUsageDescription = "LinArt needs photo library access to save and import images.";
				INFOPLIST_KEY_UIApplicationSceneManifest_Generation = YES;
				INFOPLIST_KEY_UIApplicationSupportsIndirectInputEvents = YES;
				INFOPLIST_KEY_UILaunchScreen_Generation = YES;
				INFOPLIST_KEY_UISupportedInterfaceOrientations_iPad = "UIInterfaceOrientationPortrait UIInterfaceOrientationPortraitUpsideDown UIInterfaceOrientationLandscapeLeft UIInterfaceOrientationLandscapeRight";
				INFOPLIST_KEY_UISupportedInterfaceOrientations_iPhone = "UIInterfaceOrientationPortrait UIInterfaceOrientationLandscapeLeft UIInterfaceOrientationLandscapeRight";
				IPHONEOS_DEPLOYMENT_TARGET = 16.0;
				LD_RUNPATH_SEARCH_PATHS = (
					"$(inherited)",
					"@executable_path/Frameworks",
				);
				MARKETING_VERSION = 1.0;
				PRODUCT_BUNDLE_IDENTIFIER = com.linart.app;
				PRODUCT_NAME = "$(TARGET_NAME)";
				SWIFT_EMIT_LOC_STRINGS = YES;
				SWIFT_VERSION = 5.0;
				TARGETED_DEVICE_FAMILY = "1,2";
			};
			name = Debug;
		};
		A01234567890ABE7 /* Release */ = {
			isa = XCBuildConfiguration;
			buildSettings = {
				ASSETCATALOG_COMPILER_APPICON_NAME = AppIcon;
				ASSETCATALOG_COMPILER_GLOBAL_ACCENT_COLOR_NAME = AccentColor;
				CODE_SIGN_STYLE = Automatic;
				CURRENT_PROJECT_VERSION = 1;
				DEVELOPMENT_ASSET_PATHS = "\"LinArt/Preview Content\"";
				DEVELOPMENT_TEAM = "";
				ENABLE_PREVIEWS = YES;
				GENERATE_INFOPLIST_FILE = YES;
				INFOPLIST_FILE = LinArt/Resources/Info.plist;
				INFOPLIST_KEY_NSCameraUsageDescription = "LinArt needs camera access to capture documents and IDs.";
				INFOPLIST_KEY_NSPhotoLibraryUsageDescription = "LinArt needs photo library access to save and import images.";
				INFOPLIST_KEY_UIApplicationSceneManifest_Generation = YES;
				INFOPLIST_KEY_UIApplicationSupportsIndirectInputEvents = YES;
				INFOPLIST_KEY_UILaunchScreen_Generation = YES;
				INFOPLIST_KEY_UISupportedInterfaceOrientations_iPad = "UIInterfaceOrientationPortrait UIInterfaceOrientationPortraitUpsideDown UIInterfaceOrientationLandscapeLeft UIInterfaceOrientationLandscapeRight";
				INFOPLIST_KEY_UISupportedInterfaceOrientations_iPhone = "UIInterfaceOrientationPortrait UIInterfaceOrientationLandscapeLeft UIInterfaceOrientationLandscapeRight";
				IPHONEOS_DEPLOYMENT_TARGET = 16.0;
				LD_RUNPATH_SEARCH_PATHS = (
					"$(inherited)",
					"@executable_path/Frameworks",
				);
				MARKETING_VERSION = 1.0;
				PRODUCT_BUNDLE_IDENTIFIER = com.linart.app;
				PRODUCT_NAME = "$(TARGET_NAME)";
				SWIFT_EMIT_LOC_STRINGS = YES;
				SWIFT_VERSION = 5.0;
				TARGETED_DEVICE_FAMILY = "1,2";
			};
			name = Release;
		};
		A01234567890ABE9 /* Debug */ = {
			isa = XCBuildConfiguration;
			buildSettings = {
				ALWAYS_EMBED_SWIFT_STANDARD_LIBRARIES = YES;
				BUNDLE_LOADER = "$(TEST_HOST)";
				CODE_SIGN_STYLE = Automatic;
				CURRENT_PROJECT_VERSION = 1;
				DEVELOPMENT_TEAM = "";
				GENERATE_INFOPLIST_FILE = YES;
				IPHONEOS_DEPLOYMENT_TARGET = 16.0;
				MARKETING_VERSION = 1.0;
				PRODUCT_BUNDLE_IDENTIFIER = com.linart.app.LinArtTests;
				PRODUCT_NAME = "$(TARGET_NAME)";
				SWIFT_EMIT_LOC_STRINGS = NO;
				SWIFT_VERSION = 5.0;
				TARGETED_DEVICE_FAMILY = "1,2";
				TEST_HOST = "$(BUILT_PRODUCTS_DIR)/LinArt.app/$(BUNDLE_EXECUTABLE_FOLDER_PATH)/LinArt";
			};
			name = Debug;
		};
		A01234567890ABEA /* Release */ = {
			isa = XCBuildConfiguration;
			buildSettings = {
				ALWAYS_EMBED_SWIFT_STANDARD_LIBRARIES = YES;
				BUNDLE_LOADER = "$(TEST_HOST)";
				CODE_SIGN_STYLE = Automatic;
				CURRENT_PROJECT_VERSION = 1;
				DEVELOPMENT_TEAM = "";
				GENERATE_INFOPLIST_FILE = YES;
				IPHONEOS_DEPLOYMENT_TARGET = 16.0;
				MARKETING_VERSION = 1.0;
				PRODUCT_BUNDLE_IDENTIFIER = com.linart.app.LinArtTests;
				PRODUCT_NAME = "$(TARGET_NAME)";
				SWIFT_EMIT_LOC_STRINGS = NO;
				SWIFT_VERSION = 5.0;
				TARGETED_DEVICE_FAMILY = "1,2";
				TEST_HOST = "$(BUILT_PRODUCTS_DIR)/LinArt.app/$(BUNDLE_EXECUTABLE_FOLDER_PATH)/LinArt";
			};
			name = Release;
		};
/* End XCBuildConfiguration section */

/* Begin XCConfigurationList section */
		A01234567890ABC6 /* Build configuration list for PBXProject "LinArt" */ = {
			isa = XCConfigurationList;
			buildConfigurations = (
				A01234567890ABC4 /* Debug */,
				A01234567890ABC5 /* Release */,
			);
			defaultConfigurationIsVisible = 0;
			defaultConfigurationName = Release;
		};
		A01234567890ABE5 /* Build configuration list for PBXNativeTarget "LinArt" */ = {
			isa = XCConfigurationList;
			buildConfigurations = (
				A01234567890ABE6 /* Debug */,
				A01234567890ABE7 /* Release */,
			);
			defaultConfigurationIsVisible = 0;
			defaultConfigurationName = Release;
		};
		A01234567890ABE8 /* Build configuration list for PBXNativeTarget "LinArtTests" */ = {
			isa = XCConfigurationList;
			buildConfigurations = (
				A01234567890ABE9 /* Debug */,
				A01234567890ABEA /* Release */,
			);
			defaultConfigurationIsVisible = 0;
			defaultConfigurationName = Release;
		};
/* End XCConfigurationList section */

/* Begin XCVersionGroup section */
		A01234567890ABD6 /* DataModel.xcdatamodeld */ = {
			isa = XCVersionGroup;
			children = (
				A01234567890ABD7 /* DataModel.xcdatamodel */,
			);
			currentVersion = A01234567890ABD7 /* DataModel.xcdatamodel */;
			path = DataModel.xcdatamodeld;
			sourceTree = "<group>";
			versionGroupType = wrapper.xcdatamodel;
		};
/* End XCVersionGroup section */
	};
	rootObject = A01234567890ABC3 /* Project object */;
}